
Microsoft Visual Studio Solution File, Format Version 12.00
# Visual Studio 15
VisualStudioVersion = 15.0.26124.0
MinimumVisualStudioVersion = 15.0.26124.0
Project("{2150E333-8FDC-42A3-9474-1A3956D46DE8}") = "src", "src", "{51142E43-531E-4663-A7E3-50932D684B0F}"
EndProject
Project("{FAE04EC0-301F-11D3-BF4B-00C04F79EFBC}") = "CommandAPI", "src\CommandAPI\CommandAPI.csproj", "{229F7B2F-0E68-4094-92E0-85224378CD9F}"
EndProject
Project("{2150E333-8FDC-42A3-9474-1A3956D46DE8}") = "test", "test", "{8BBFBB64-45F5-47F8-AD84-B8485A6DAF9D}"
EndProject
Project("{FAE04EC0-301F-11D3-BF4B-00C04F79EFBC}") = "CommandAPI.Tests", "test\CommandAPI.Tests\CommandAPI.Tests.csproj", "{F7B67980-B3C7-4078-849E-60DF112A7C7A}"
EndProject
Global
	GlobalSection(SolutionConfigurationPlatforms) = preSolution
		Debug|Any CPU = Debug|Any CPU
		Debug|x64 = Debug|x64
		Debug|x86 = Debug|x86
		Release|Any CPU = Release|Any CPU
		Release|x64 = Release|x64
		Release|x86 = Release|x86
	EndGlobalSection
	GlobalSection(SolutionProperties) = preSolution
		HideSolutionNode = FALSE
	EndGlobalSection
	GlobalSection(ProjectConfigurationPlatforms) = postSolution
		{229F7B2F-0E68-4094-92E0-85224378CD9F}.Debug|Any CPU.ActiveCfg = Debug|Any CPU
		{229F7B2F-0E68-4094-92E0-85224378CD9F}.Debug|Any CPU.Build.0 = Debug|Any CPU
		{229F7B2F-0E68-4094-92E0-85224378CD9F}.Debug|x64.ActiveCfg = Debug|Any CPU
		{229F7B2F-0E68-4094-92E0-85224378CD9F}.Debug|x64.Build.0 = Debug|Any CPU
		{229F7B2F-0E68-4094-92E0-85224378CD9F}.Debug|x86.ActiveCfg = Debug|Any CPU
		{229F7B2F-0E68-4094-92E0-85224378CD9F}.Debug|x86.Build.0 = Debug|Any CPU
		{229F7B2F-0E68-4094-92E0-85224378CD9F}.Release|Any CPU.ActiveCfg = Release|Any CPU
		{229F7B2F-0E68-4094-92E0-85224378CD9F}.Release|Any CPU.Build.0 = Release|Any CPU
		{229F7B2F-0E68-4094-92E0-85224378CD9F}.Release|x64.ActiveCfg = Release|Any CPU
		{229F7B2F-0E68-4094-92E0-85224378CD9F}.Release|x64.Build.0 = Release|Any CPU
		{229F7B2F-0E68-4094-92E0-85224378CD9F}.Release|x86.ActiveCfg = Release|Any CPU
		{229F7B2F-0E68-4094-92E0-85224378CD9F}.Release|x86.Build.0 = Release|Any CPU
		{F7B67980-B3C7-4078-849E-60DF112A7C7A}.Debug|Any CPU.ActiveCfg = Debug|Any CPU
		{F7B67980-B3C7-4078-849E-60DF112A7C7A}.Debug|Any CPU.Build.0 = Debug|Any CPU
		{F7B67980-B3C7-4078-849E-60DF112A7C7A}.Debug|x64.ActiveCfg = Debug|Any CPU
		{F7B67980-B3C7-4078-849E-60DF112A7C7A}.Debug|x64.Build.0 = Debug|Any CPU
		{F7B67980-B3C7-4078-849E-60DF112A7C7A}.Debug|x86.ActiveCfg = Debug|Any CPU
		{F7B67980-B3C7-4078-849E-60DF112A7C7A}.Debug|x86.Build.0 = Debug|Any CPU
		{F7B67980-B3C7-4078-849E-60DF112A7C7A}.Release|Any CPU.ActiveCfg = Release|Any CPU
		{F7B67980-B3C7-4078-849E-60DF112A7C7A}.Release|Any CPU.Build.0 = Release|Any CPU
		{F7B67980-B3C7-4078-849E-60DF112A7C7A}.Release|x64.ActiveCfg = Release|Any CPU
		{F7B67980-B3C7-4078-849E-60DF112A7C7A}.Release|x64.Build.0 = Release|Any CPU
		{F7B67980-B3C7-4078-849E-60DF112A7C7A}.Release|x86.ActiveCfg = Release|Any CPU
		{F7B67980-B3C7-4078-849E-60DF112A7C7A}.Release|x86.Build.0 = Release|Any CPU
	EndGlobalSection
	GlobalSection(NestedProjects) = preSolution
		{229F7B2F-0E68-4094-92E0-85224378CD9F} = {51142E43-531E-4663-A7E3-50932D684B0F}
		{F7B67980-B3C7-4078-849E-60DF112A7C7A} = {8BBFBB64-45F5-47F8-AD84-B8485A6DAF9D}
	EndGlobalSection
EndGlobal
